// !$*UTF8*$!
{
	archiveVersion = 1;
	classes = {
	};
	objectVersion = 46;
	objects = {

/* Begin PBXBuildFile section */
		C03D695F1C65D2A800344445 /* AddressBookViewController.m in Sources */ = {isa = PBXBuildFile; fileRef = C03D695E1C65D2A800344445 /* AddressBookViewController.m */; };
		C03D69621C65D2B800344445 /* FoundViewController.m in Sources */ = {isa = PBXBuildFile; fileRef = C03D69611C65D2B800344445 /* FoundViewController.m */; };
		C03D69651C65D2C200344445 /* MeViewController.m in Sources */ = {isa = PBXBuildFile; fileRef = C03D69641C65D2C200344445 /* MeViewController.m */; };
		C03D69681C65D31E00344445 /* TabBarController.m in Sources */ = {isa = PBXBuildFile; fileRef = C03D69671C65D31E00344445 /* TabBarController.m */; };
		C096E4391C65CC74002EDC66 /* main.m in Sources */ = {isa = PBXBuildFile; fileRef = C096E4381C65CC74002EDC66 /* main.m */; };
		C096E43C1C65CC74002EDC66 /* AppDelegate.m in Sources */ = {isa = PBXBuildFile; fileRef = C096E43B1C65CC74002EDC66 /* AppDelegate.m */; };
		C096E4421C65CC74002EDC66 /* Main.storyboard in Resources */ = {isa = PBXBuildFile; fileRef = C096E4401C65CC74002EDC66 /* Main.storyboard */; };
		C096E4441C65CC74002EDC66 /* Assets.xcassets in Resources */ = {isa = PBXBuildFile; fileRef = C096E4431C65CC74002EDC66 /* Assets.xcassets */; };
		C096E4471C65CC74002EDC66 /* LaunchScreen.storyboard in Resources */ = {isa = PBXBuildFile; fileRef = C096E4451C65CC74002EDC66 /* LaunchScreen.storyboard */; };
		C096E4521C65CC74002EDC66 /* hmWechatTests.m in Sources */ = {isa = PBXBuildFile; fileRef = C096E4511C65CC74002EDC66 /* hmWechatTests.m */; };
		C096E45D1C65CC74002EDC66 /* hmWechatUITests.m in Sources */ = {isa = PBXBuildFile; fileRef = C096E45C1C65CC74002EDC66 /* hmWechatUITests.m */; };
		C096E4851C65CF16002EDC66 /* BaseViewController.m in Sources */ = {isa = PBXBuildFile; fileRef = C096E4841C65CF16002EDC66 /* BaseViewController.m */; };
		C702C2C4398C9F6B7D249106 /* libPods-hmWechat.a in Frameworks */ = {isa = PBXBuildFile; fileRef = 4FA92DA25E50760C2D88F0CF /* libPods-hmWechat.a */; };
		E28089D91D2CB11C009825C2 /* UISize.m in Sources */ = {isa = PBXBuildFile; fileRef = E28089D81D2CB11C009825C2 /* UISize.m */; };
		E28089DC1D2D0176009825C2 /* MeTableViewCell.m in Sources */ = {isa = PBXBuildFile; fileRef = E28089DB1D2D0176009825C2 /* MeTableViewCell.m */; };
		E28089DF1D2D0259009825C2 /* PersonalModel.m in Sources */ = {isa = PBXBuildFile; fileRef = E28089DE1D2D0259009825C2 /* PersonalModel.m */; };
		E2CFF15B1D2C993B0092F1A2 /* ChatViewController.m in Sources */ = {isa = PBXBuildFile; fileRef = E2CFF15A1D2C993B0092F1A2 /* ChatViewController.m */; };
/* End PBXBuildFile section */

/* Begin PBXContainerItemProxy section */
		C096E44E1C65CC74002EDC66 /* PBXContainerItemProxy */ = {
			isa = PBXContainerItemProxy;
			containerPortal = C096E42C1C65CC74002EDC66 /* Project object */;
			proxyType = 1;
			remoteGlobalIDString = C096E4331C65CC74002EDC66;
			remoteInfo = hmWechat;
		};
		C096E4591C65CC74002EDC66 /* PBXContainerItemProxy */ = {
			isa = PBXContainerItemProxy;
			containerPortal = C096E42C1C65CC74002EDC66 /* Project object */;
			proxyType = 1;
			remoteGlobalIDString = C096E4331C65CC74002EDC66;
			remoteInfo = hmWechat;
		};
/* End PBXContainerItemProxy section */

/* Begin PBXFileReference section */
		1E8319A0D73093D55EDA7F42 /* Pods-hmWechat.debug.xcconfig */ = {isa = PBXFileReference; includeInIndex = 1; lastKnownFileType = text.xcconfig; name = "Pods-hmWechat.debug.xcconfig"; path = "Pods/Target Support Files/Pods-hmWechat/Pods-hmWechat.debug.xcconfig"; sourceTree = "<group>"; };
		4FA92DA25E50760C2D88F0CF /* libPods-hmWechat.a */ = {isa = PBXFileReference; explicitFileType = archive.ar; includeInIndex = 0; path = "libPods-hmWechat.a"; sourceTree = BUILT_PRODUCTS_DIR; };
		74FAC33B0DF5D745B05C43FB /* Pods-hmWechat.release.xcconfig */ = {isa = PBXFileReference; includeInIndex = 1; lastKnownFileType = text.xcconfig; name = "Pods-hmWechat.release.xcconfig"; path = "Pods/Target Support Files/Pods-hmWechat/Pods-hmWechat.release.xcconfig"; sourceTree = "<group>"; };
		C03D695D1C65D2A800344445 /* AddressBookViewController.h */ = {isa = PBXFileReference; fileEncoding = 4; lastKnownFileType = sourcecode.c.h; path = AddressBookViewController.h; sourceTree = "<group>"; };
		C03D695E1C65D2A800344445 /* AddressBookViewController.m */ = {isa = PBXFileReference; fileEncoding = 4; lastKnownFileType = sourcecode.c.objc; path = AddressBookViewController.m; sourceTree = "<group>"; };
		C03D69601C65D2B800344445 /* FoundViewController.h */ = {isa = PBXFileReference; fileEncoding = 4; lastKnownFileType = sourcecode.c.h; path = FoundViewController.h; sourceTree = "<group>"; };
		C03D69611C65D2B800344445 /* FoundViewController.m */ = {isa = PBXFileReference; fileEncoding = 4; lastKnownFileType = sourcecode.c.objc; path = FoundViewController.m; sourceTree = "<group>"; };
		C03D69631C65D2C200344445 /* MeViewController.h */ = {isa = PBXFileReference; fileEncoding = 4; lastKnownFileType = sourcecode.c.h; path = MeViewController.h; sourceTree = "<group>"; };
		C03D69641C65D2C200344445 /* MeViewController.m */ = {isa = PBXFileReference; fileEncoding = 4; lastKnownFileType = sourcecode.c.objc; path = MeViewController.m; sourceTree = "<group>"; };
		C03D69661C65D31E00344445 /* TabBarController.h */ = {isa = PBXFileReference; fileEncoding = 4; lastKnownFileType = sourcecode.c.h; path = TabBarController.h; sourceTree = "<group>"; };
		C03D69671C65D31E00344445 /* TabBarController.m */ = {isa = PBXFileReference; fileEncoding = 4; lastKnownFileType = sourcecode.c.objc; path = TabBarController.m; sourceTree = "<group>"; };
		C096E4341C65CC74002EDC66 /* hmWechat.app */ = {isa = PBXFileReference; explicitFileType = wrapper.application; includeInIndex = 0; path = hmWechat.app; sourceTree = BUILT_PRODUCTS_DIR; };
		C096E4381C65CC74002EDC66 /* main.m */ = {isa = PBXFileReference; lastKnownFileType = sourcecode.c.objc; path = main.m; sourceTree = "<group>"; };
		C096E43A1C65CC74002EDC66 /* AppDelegate.h */ = {isa = PBXFileReference; lastKnownFileType = sourcecode.c.h; path = AppDelegate.h; sourceTree = "<group>"; };
		C096E43B1C65CC74002EDC66 /* AppDelegate.m */ = {isa = PBXFileReference; lastKnownFileType = sourcecode.c.objc; path = AppDelegate.m; sourceTree = "<group>"; };
		C096E4411C65CC74002EDC66 /* Base */ = {isa = PBXFileReference; lastKnownFileType = file.storyboard; name = Base; path = Base.lproj/Main.storyboard; sourceTree = "<group>"; };
		C096E4431C65CC74002EDC66 /* Assets.xcassets */ = {isa = PBXFileReference; lastKnownFileType = folder.assetcatalog; path = Assets.xcassets; sourceTree = "<group>"; };
		C096E4461C65CC74002EDC66 /* Base */ = {isa = PBXFileReference; lastKnownFileType = file.storyboard; name = Base; path = Base.lproj/LaunchScreen.storyboard; sourceTree = "<group>"; };
		C096E4481C65CC74002EDC66 /* Info.plist */ = {isa = PBXFileReference; lastKnownFileType = text.plist.xml; path = Info.plist; sourceTree = "<group>"; };
		C096E44D1C65CC74002EDC66 /* hmWechatTests.xctest */ = {isa = PBXFileReference; explicitFileType = wrapper.cfbundle; includeInIndex = 0; path = hmWechatTests.xctest; sourceTree = BUILT_PRODUCTS_DIR; };
		C096E4511C65CC74002EDC66 /* hmWechatTests.m */ = {isa = PBXFileReference; lastKnownFileType = sourcecode.c.objc; path = hmWechatTests.m; sourceTree = "<group>"; };
		C096E4531C65CC74002EDC66 /* Info.plist */ = {isa = PBXFileReference; lastKnownFileType = text.plist.xml; path = Info.plist; sourceTree = "<group>"; };
		C096E4581C65CC74002EDC66 /* hmWechatUITests.xctest */ = {isa = PBXFileReference; explicitFileType = wrapper.cfbundle; includeInIndex = 0; path = hmWechatUITests.xctest; sourceTree = BUILT_PRODUCTS_DIR; };
		C096E45C1C65CC74002EDC66 /* hmWechatUITests.m */ = {isa = PBXFileReference; lastKnownFileType = sourcecode.c.objc; path = hmWechatUITests.m; sourceTree = "<group>"; };
		C096E45E1C65CC74002EDC66 /* Info.plist */ = {isa = PBXFileReference; lastKnownFileType = text.plist.xml; path = Info.plist; sourceTree = "<group>"; };
		C096E4831C65CF16002EDC66 /* BaseViewController.h */ = {isa = PBXFileReference; fileEncoding = 4; lastKnownFileType = sourcecode.c.h; path = BaseViewController.h; sourceTree = "<group>"; };
		C096E4841C65CF16002EDC66 /* BaseViewController.m */ = {isa = PBXFileReference; fileEncoding = 4; lastKnownFileType = sourcecode.c.objc; path = BaseViewController.m; sourceTree = "<group>"; };
		E28089D71D2CB11C009825C2 /* UISize.h */ = {isa = PBXFileReference; fileEncoding = 4; lastKnownFileType = sourcecode.c.h; path = UISize.h; sourceTree = "<group>"; };
		E28089D81D2CB11C009825C2 /* UISize.m */ = {isa = PBXFileReference; fileEncoding = 4; lastKnownFileType = sourcecode.c.objc; path = UISize.m; sourceTree = "<group>"; };
		E28089DA1D2D0176009825C2 /* MeTableViewCell.h */ = {isa = PBXFileReference; fileEncoding = 4; lastKnownFileType = sourcecode.c.h; name = MeTableViewCell.h; path = hmWechat/MeTableViewCell.h; sourceTree = SOURCE_ROOT; };
		E28089DB1D2D0176009825C2 /* MeTableViewCell.m */ = {isa = PBXFileReference; fileEncoding = 4; lastKnownFileType = sourcecode.c.objc; name = MeTableViewCell.m; path = hmWechat/MeTableViewCell.m; sourceTree = SOURCE_ROOT; };
		E28089DD1D2D0259009825C2 /* PersonalModel.h */ = {isa = PBXFileReference; fileEncoding = 4; lastKnownFileType = sourcecode.c.h; name = PersonalModel.h; path = hmWechat/PersonalModel.h; sourceTree = SOURCE_ROOT; };
		E28089DE1D2D0259009825C2 /* PersonalModel.m */ = {isa = PBXFileReference; fileEncoding = 4; lastKnownFileType = sourcecode.c.objc; name = PersonalModel.m; path = hmWechat/PersonalModel.m; sourceTree = SOURCE_ROOT; };
		E2CFF1591D2C993B0092F1A2 /* ChatViewController.h */ = {isa = PBXFileReference; fileEncoding = 4; lastKnownFileType = sourcecode.c.h; path = ChatViewController.h; sourceTree = "<group>"; };
		E2CFF15A1D2C993B0092F1A2 /* ChatViewController.m */ = {isa = PBXFileReference; fileEncoding = 4; lastKnownFileType = sourcecode.c.objc; path = ChatViewController.m; sourceTree = "<group>"; };
/* End PBXFileReference section */

/* Begin PBXFrameworksBuildPhase section */
		C096E4311C65CC74002EDC66 /* Frameworks */ = {
			isa = PBXFrameworksBuildPhase;
			buildActionMask = 2147483647;
			files = (
				C702C2C4398C9F6B7D249106 /* libPods-hmWechat.a in Frameworks */,
			);
			runOnlyForDeploymentPostprocessing = 0;
		};
		C096E44A1C65CC74002EDC66 /* Frameworks */ = {
			isa = PBXFrameworksBuildPhase;
			buildActionMask = 2147483647;
			files = (
			);
			runOnlyForDeploymentPostprocessing = 0;
		};
		C096E4551C65CC74002EDC66 /* Frameworks */ = {
			isa = PBXFrameworksBuildPhase;
			buildActionMask = 2147483647;
			files = (
			);
			runOnlyForDeploymentPostprocessing = 0;
		};
/* End PBXFrameworksBuildPhase section */

/* Begin PBXGroup section */
		51CE6899C77E33581EF3A0B4 /* Pods */ = {
			isa = PBXGroup;
			children = (
				1E8319A0D73093D55EDA7F42 /* Pods-hmWechat.debug.xcconfig */,
				74FAC33B0DF5D745B05C43FB /* Pods-hmWechat.release.xcconfig */,
			);
			name = Pods;
			sourceTree = "<group>";
		};
		8B298509B0A8376F70ACC913 /* Frameworks */ = {
			isa = PBXGroup;
			children = (
				4FA92DA25E50760C2D88F0CF /* libPods-hmWechat.a */,
			);
			name = Frameworks;
			sourceTree = "<group>";
		};
		C096E42B1C65CC74002EDC66 = {
			isa = PBXGroup;
			children = (
				C096E4361C65CC74002EDC66 /* hmWechat */,
				C096E4501C65CC74002EDC66 /* hmWechatTests */,
				C096E45B1C65CC74002EDC66 /* hmWechatUITests */,
				C096E4351C65CC74002EDC66 /* Products */,
				51CE6899C77E33581EF3A0B4 /* Pods */,
				8B298509B0A8376F70ACC913 /* Frameworks */,
			);
			sourceTree = "<group>";
		};
		C096E4351C65CC74002EDC66 /* Products */ = {
			isa = PBXGroup;
			children = (
				C096E4341C65CC74002EDC66 /* hmWechat.app */,
				C096E44D1C65CC74002EDC66 /* hmWechatTests.xctest */,
				C096E4581C65CC74002EDC66 /* hmWechatUITests.xctest */,
			);
			name = Products;
			sourceTree = "<group>";
		};
		C096E4361C65CC74002EDC66 /* hmWechat */ = {
			isa = PBXGroup;
			children = (
				E2CFF1541D2C98F10092F1A2 /* Chat */,
				C096E4731C65CE51002EDC66 /* Address book */,
				C096E47B1C65CE51002EDC66 /* Found */,
				C096E47F1C65CE51002EDC66 /* Me */,
				C096E43A1C65CC74002EDC66 /* AppDelegate.h */,
				C096E43B1C65CC74002EDC66 /* AppDelegate.m */,
				C096E4831C65CF16002EDC66 /* BaseViewController.h */,
				C096E4841C65CF16002EDC66 /* BaseViewController.m */,
				C03D69661C65D31E00344445 /* TabBarController.h */,
				C03D69671C65D31E00344445 /* TabBarController.m */,
				C096E4371C65CC74002EDC66 /* Supporting Files */,
			);
			path = hmWechat;
			sourceTree = "<group>";
		};
		C096E4371C65CC74002EDC66 /* Supporting Files */ = {
			isa = PBXGroup;
			children = (
				E28089D71D2CB11C009825C2 /* UISize.h */,
				E28089D81D2CB11C009825C2 /* UISize.m */,
				C096E4381C65CC74002EDC66 /* main.m */,
				C096E4401C65CC74002EDC66 /* Main.storyboard */,
				C096E4451C65CC74002EDC66 /* LaunchScreen.storyboard */,
				C096E4481C65CC74002EDC66 /* Info.plist */,
				C096E4431C65CC74002EDC66 /* Assets.xcassets */,
			);
			name = "Supporting Files";
			sourceTree = "<group>";
		};
		C096E4501C65CC74002EDC66 /* hmWechatTests */ = {
			isa = PBXGroup;
			children = (
				C096E4511C65CC74002EDC66 /* hmWechatTests.m */,
				C096E4531C65CC74002EDC66 /* Info.plist */,
			);
			path = hmWechatTests;
			sourceTree = "<group>";
		};
		C096E45B1C65CC74002EDC66 /* hmWechatUITests */ = {
			isa = PBXGroup;
			children = (
				C096E45C1C65CC74002EDC66 /* hmWechatUITests.m */,
				C096E45E1C65CC74002EDC66 /* Info.plist */,
			);
			path = hmWechatUITests;
			sourceTree = "<group>";
		};
		C096E4731C65CE51002EDC66 /* Address book */ = {
			isa = PBXGroup;
			children = (
				C096E4741C65CE51002EDC66 /* Controllers */,
				C096E4751C65CE51002EDC66 /* Model */,
				C096E4761C65CE51002EDC66 /* View */,
			);
			path = "Address book";
			sourceTree = "<group>";
		};
		C096E4741C65CE51002EDC66 /* Controllers */ = {
			isa = PBXGroup;
			children = (
				C03D695D1C65D2A800344445 /* AddressBookViewController.h */,
				C03D695E1C65D2A800344445 /* AddressBookViewController.m */,
			);
			path = Controllers;
			sourceTree = "<group>";
		};
		C096E4751C65CE51002EDC66 /* Model */ = {
			isa = PBXGroup;
			children = (
			);
			path = Model;
			sourceTree = "<group>";
		};
		C096E4761C65CE51002EDC66 /* View */ = {
			isa = PBXGroup;
			children = (
			);
			path = View;
			sourceTree = "<group>";
		};
		C096E47B1C65CE51002EDC66 /* Found */ = {
			isa = PBXGroup;
			children = (
				C096E47C1C65CE51002EDC66 /* Controllers */,
				C096E47D1C65CE51002EDC66 /* Model */,
				C096E47E1C65CE51002EDC66 /* View */,
			);
			path = Found;
			sourceTree = "<group>";
		};
		C096E47C1C65CE51002EDC66 /* Controllers */ = {
			isa = PBXGroup;
			children = (
				C03D69601C65D2B800344445 /* FoundViewController.h */,
				C03D69611C65D2B800344445 /* FoundViewController.m */,
			);
			path = Controllers;
			sourceTree = "<group>";
		};
		C096E47D1C65CE51002EDC66 /* Model */ = {
			isa = PBXGroup;
			children = (
			);
			path = Model;
			sourceTree = "<group>";
		};
		C096E47E1C65CE51002EDC66 /* View */ = {
			isa = PBXGroup;
			children = (
			);
			path = View;
			sourceTree = "<group>";
		};
		C096E47F1C65CE51002EDC66 /* Me */ = {
			isa = PBXGroup;
			children = (
				C096E4801C65CE51002EDC66 /* Controllers */,
				C096E4811C65CE51002EDC66 /* Model */,
				C096E4821C65CE51002EDC66 /* View */,
			);
			path = Me;
			sourceTree = "<group>";
		};
		C096E4801C65CE51002EDC66 /* Controllers */ = {
			isa = PBXGroup;
			children = (
				C03D69631C65D2C200344445 /* MeViewController.h */,
				C03D69641C65D2C200344445 /* MeViewController.m */,
			);
			path = Controllers;
			sourceTree = "<group>";
		};
		C096E4811C65CE51002EDC66 /* Model */ = {
			isa = PBXGroup;
			children = (
				E28089DD1D2D0259009825C2 /* PersonalModel.h */,
				E28089DE1D2D0259009825C2 /* PersonalModel.m */,
			);
			path = Model;
			sourceTree = "<group>";
		};
		C096E4821C65CE51002EDC66 /* View */ = {
			isa = PBXGroup;
			children = (
				E28089DA1D2D0176009825C2 /* MeTableViewCell.h */,
				E28089DB1D2D0176009825C2 /* MeTableViewCell.m */,
			);
			path = View;
			sourceTree = "<group>";
		};
		E2CFF1541D2C98F10092F1A2 /* Chat */ = {
			isa = PBXGroup;
			children = (
				E2CFF1581D2C991A0092F1A2 /* View */,
				E2CFF1571D2C99150092F1A2 /* Model */,
				E2CFF1551D2C98FE0092F1A2 /* Controllers */,
			);
			name = Chat;
			sourceTree = "<group>";
		};
		E2CFF1551D2C98FE0092F1A2 /* Controllers */ = {
			isa = PBXGroup;
			children = (
				E2CFF1591D2C993B0092F1A2 /* ChatViewController.h */,
				E2CFF15A1D2C993B0092F1A2 /* ChatViewController.m */,
			);
			name = Controllers;
			sourceTree = "<group>";
		};
		E2CFF1571D2C99150092F1A2 /* Model */ = {
			isa = PBXGroup;
			children = (
			);
			name = Model;
			sourceTree = "<group>";
		};
		E2CFF1581D2C991A0092F1A2 /* View */ = {
			isa = PBXGroup;
			children = (
			);
			name = View;
			sourceTree = "<group>";
		};
/* End PBXGroup section */

/* Begin PBXNativeTarget section */
		C096E4331C65CC74002EDC66 /* hmWechat */ = {
			isa = PBXNativeTarget;
			buildConfigurationList = C096E4611C65CC74002EDC66 /* Build configuration list for PBXNativeTarget "hmWechat" */;
			buildPhases = (
				4940CFFE0063B7AEDF75A2D6 /* [CP] Check Pods Manifest.lock */,
				C096E4301C65CC74002EDC66 /* Sources */,
				C096E4311C65CC74002EDC66 /* Frameworks */,
				C096E4321C65CC74002EDC66 /* Resources */,
				AAC1E058CC0D78986535900F /* [CP] Embed Pods Frameworks */,
				BBA7D3A2BCD11DC3F61FF6E0 /* [CP] Copy Pods Resources */,
			);
			buildRules = (
			);
			dependencies = (
			);
			name = hmWechat;
			productName = hmWechat;
			productReference = C096E4341C65CC74002EDC66 /* hmWechat.app */;
			productType = "com.apple.product-type.application";
		};
		C096E44C1C65CC74002EDC66 /* hmWechatTests */ = {
			isa = PBXNativeTarget;
			buildConfigurationList = C096E4641C65CC74002EDC66 /* Build configuration list for PBXNativeTarget "hmWechatTests" */;
			buildPhases = (
				C096E4491C65CC74002EDC66 /* Sources */,
				C096E44A1C65CC74002EDC66 /* Frameworks */,
				C096E44B1C65CC74002EDC66 /* Resources */,
			);
			buildRules = (
			);
			dependencies = (
				C096E44F1C65CC74002EDC66 /* PBXTargetDependency */,
			);
			name = hmWechatTests;
			productName = hmWechatTests;
			productReference = C096E44D1C65CC74002EDC66 /* hmWechatTests.xctest */;
			productType = "com.apple.product-type.bundle.unit-test";
		};
		C096E4571C65CC74002EDC66 /* hmWechatUITests */ = {
			isa = PBXNativeTarget;
			buildConfigurationList = C096E4671C65CC74002EDC66 /* Build configuration list for PBXNativeTarget "hmWechatUITests" */;
			buildPhases = (
				C096E4541C65CC74002EDC66 /* Sources */,
				C096E4551C65CC74002EDC66 /* Frameworks */,
				C096E4561C65CC74002EDC66 /* Resources */,
			);
			buildRules = (
			);
			dependencies = (
				C096E45A1C65CC74002EDC66 /* PBXTargetDependency */,
			);
			name = hmWechatUITests;
			productName = hmWechatUITests;
			productReference = C096E4581C65CC74002EDC66 /* hmWechatUITests.xctest */;
			productType = "com.apple.product-type.bundle.ui-testing";
		};
/* End PBXNativeTarget section */

/* Begin PBXProject section */
		C096E42C1C65CC74002EDC66 /* Project object */ = {
			isa = PBXProject;
			attributes = {
				LastUpgradeCheck = 0720;
				ORGANIZATIONNAME = king_hm;
				TargetAttributes = {
					C096E4331C65CC74002EDC66 = {
						CreatedOnToolsVersion = 7.2;
					};
					C096E44C1C65CC74002EDC66 = {
						CreatedOnToolsVersion = 7.2;
						TestTargetID = C096E4331C65CC74002EDC66;
					};
					C096E4571C65CC74002EDC66 = {
						CreatedOnToolsVersion = 7.2;
						TestTargetID = C096E4331C65CC74002EDC66;
					};
				};
			};
			buildConfigurationList = C096E42F1C65CC74002EDC66 /* Build configuration list for PBXProject "hmWechat" */;
			compatibilityVersion = "Xcode 3.2";
			developmentRegion = English;
			hasScannedForEncodings = 0;
			knownRegions = (
				en,
				Base,
			);
			mainGroup = C096E42B1C65CC74002EDC66;
			productRefGroup = C096E4351C65CC74002EDC66 /* Products */;
			projectDirPath = "";
			projectRoot = "";
			targets = (
				C096E4331C65CC74002EDC66 /* hmWechat */,
				C096E44C1C65CC74002EDC66 /* hmWechatTests */,
				C096E4571C65CC74002EDC66 /* hmWechatUITests */,
			);
		};
/* End PBXProject section */

/* Begin PBXResourcesBuildPhase section */
		C096E4321C65CC74002EDC66 /* Resources */ = {
			isa = PBXResourcesBuildPhase;
			buildActionMask = 2147483647;
			files = (
				C096E4471C65CC74002EDC66 /* LaunchScreen.storyboard in Resources */,
				C096E4441C65CC74002EDC66 /* Assets.xcassets in Resources */,
				C096E4421C65CC74002EDC66 /* Main.storyboard in Resources */,
			);
			runOnlyForDeploymentPostprocessing = 0;
		};
		C096E44B1C65CC74002EDC66 /* Resources */ = {
			isa = PBXResourcesBuildPhase;
			buildActionMask = 2147483647;
			files = (
			);
			runOnlyForDeploymentPostprocessing = 0;
		};
		C096E4561C65CC74002EDC66 /* Resources */ = {
			isa = PBXResourcesBuildPhase;
			buildActionMask = 2147483647;
			files = (
			);
			runOnlyForDeploymentPostprocessing = 0;
		};
/* End PBXResourcesBuildPhase section */

/* Begin PBXShellScriptBuildPhase section */
		4940CFFE0063B7AEDF75A2D6 /* [CP] Check Pods Manifest.lock */ = {
			isa = PBXShellScriptBuildPhase;
			buildActionMask = 2147483647;
			files = (
			);
			inputPaths = (
			);
			name = "[CP] Check Pods Manifest.lock";
			outputPaths = (
			);
			runOnlyForDeploymentPostprocessing = 0;
			shellPath = /bin/sh;
			shellScript = "diff \"${PODS_ROOT}/../Podfile.lock\" \"${PODS_ROOT}/Manifest.lock\" > /dev/null\nif [[ $? != 0 ]] ; then\n    cat << EOM\nerror: The sandbox is not in sync with the Podfile.lock. Run 'pod install' or update your CocoaPods installation.\nEOM\n    exit 1\nfi\n";
			showEnvVarsInLog = 0;
		};
		AAC1E058CC0D78986535900F /* [CP] Embed Pods Frameworks */ = {
			isa = PBXShellScriptBuildPhase;
			buildActionMask = 2147483647;
			files = (
			);
			inputPaths = (
			);
			name = "[CP] Embed Pods Frameworks";
			outputPaths = (
			);
			runOnlyForDeploymentPostprocessing = 0;
			shellPath = /bin/sh;
			shellScript = "\"${SRCROOT}/Pods/Target Support Files/Pods-hmWechat/Pods-hmWechat-frameworks.sh\"\n";
			showEnvVarsInLog = 0;
		};
		BBA7D3A2BCD11DC3F61FF6E0 /* [CP] Copy Pods Resources */ = {
			isa = PBXShellScriptBuildPhase;
			buildActionMask = 2147483647;
			files = (
			);
			inputPaths = (
			);
			name = "[CP] Copy Pods Resources";
			outputPaths = (
			);
			runOnlyForDeploymentPostprocessing = 0;
			shellPath = /bin/sh;
			shellScript = "\"${SRCROOT}/Pods/Target Support Files/Pods-hmWechat/Pods-hmWechat-resources.sh\"\n";
			showEnvVarsInLog = 0;
		};
/* End PBXShellScriptBuildPhase section */

/* Begin PBXSourcesBuildPhase section */
		C096E4301C65CC74002EDC66 /* Sources */ = {
			isa = PBXSourcesBuildPhase;
			buildActionMask = 2147483647;
			files = (
				C096E4851C65CF16002EDC66 /* BaseViewController.m in Sources */,
				C03D695F1C65D2A800344445 /* AddressBookViewController.m in Sources */,
				C03D69681C65D31E00344445 /* TabBarController.m in Sources */,
				E28089DF1D2D0259009825C2 /* PersonalModel.m in Sources */,
				C03D69621C65D2B800344445 /* FoundViewController.m in Sources */,
				C096E43C1C65CC74002EDC66 /* AppDelegate.m in Sources */,
				E28089DC1D2D0176009825C2 /* MeTableViewCell.m in Sources */,
				E28089D91D2CB11C009825C2 /* UISize.m in Sources */,
				C03D69651C65D2C200344445 /* MeViewController.m in Sources */,
				C096E4391C65CC74002EDC66 /* main.m in Sources */,
				E2CFF15B1D2C993B0092F1A2 /* ChatViewController.m in Sources */,
			);
			runOnlyForDeploymentPostprocessing = 0;
		};
		C096E4491C65CC74002EDC66 /* Sources */ = {
			isa = PBXSourcesBuildPhase;
			buildActionMask = 2147483647;
			files = (
				C096E4521C65CC74002EDC66 /* hmWechatTests.m in Sources */,
			);
			runOnlyForDeploymentPostprocessing = 0;
		};
		C096E4541C65CC74002EDC66 /* Sources */ = {
			isa = PBXSourcesBuildPhase;
			buildActionMask = 2147483647;
			files = (
				C096E45D1C65CC74002EDC66 /* hmWechatUITests.m in Sources */,
			);
			runOnlyForDeploymentPostprocessing = 0;
		};
/* End PBXSourcesBuildPhase section */

/* Begin PBXTargetDependency section */
		C096E44F1C65CC74002EDC66 /* PBXTargetDependency */ = {
			isa = PBXTargetDependency;
			target = C096E4331C65CC74002EDC66 /* hmWechat */;
			targetProxy = C096E44E1C65CC74002EDC66 /* PBXContainerItemProxy */;
		};
		C096E45A1C65CC74002EDC66 /* PBXTargetDependency */ = {
			isa = PBXTargetDependency;
			target = C096E4331C65CC74002EDC66 /* hmWechat */;
			targetProxy = C096E4591C65CC74002EDC66 /* PBXContainerItemProxy */;
		};
/* End PBXTargetDependency section */

/* Begin PBXVariantGroup section */
		C096E4401C65CC74002EDC66 /* Main.storyboard */ = {
			isa = PBXVariantGroup;
			children = (
				C096E4411C65CC74002EDC66 /* Base */,
			);
			name = Main.storyboard;
			sourceTree = "<group>";
		};
		C096E4451C65CC74002EDC66 /* LaunchScreen.storyboard */ = {
			isa = PBXVariantGroup;
			children = (
				C096E4461C65CC74002EDC66 /* Base */,
			);
			name = LaunchScreen.storyboard;
			sourceTree = "<group>";
		};
/* End PBXVariantGroup section */

/* Begin XCBuildConfiguration section */
		C096E45F1C65CC74002EDC66 /* Debug */ = {
			isa = XCBuildConfiguration;
			buildSettings = {
				ALWAYS_SEARCH_USER_PATHS = NO;
				CLANG_CXX_LANGUAGE_STANDARD = "gnu++0x";
				CLANG_CXX_LIBRARY = "libc++";
				CLANG_ENABLE_MODULES = YES;
				CLANG_ENABLE_OBJC_ARC = YES;
				CLANG_WARN_BOOL_CONVERSION = YES;
				CLANG_WARN_CONSTANT_CONVERSION = YES;
				CLANG_WARN_DIRECT_OBJC_ISA_USAGE = YES_ERROR;
				CLANG_WARN_EMPTY_BODY = YES;
				CLANG_WARN_ENUM_CONVERSION = YES;
				CLANG_WARN_INT_CONVERSION = YES;
				CLANG_WARN_OBJC_ROOT_CLASS = YES_ERROR;
				CLANG_WARN_UNREACHABLE_CODE = YES;
				CLANG_WARN__DUPLICATE_METHOD_MATCH = YES;
				"CODE_SIGN_IDENTITY[sdk=iphoneos*]" = "iPhone Developer";
				COPY_PHASE_STRIP = NO;
				DEBUG_INFORMATION_FORMAT = dwarf;
				ENABLE_STRICT_OBJC_MSGSEND = YES;
				ENABLE_TESTABILITY = YES;
				GCC_C_LANGUAGE_STANDARD = gnu99;
				GCC_DYNAMIC_NO_PIC = NO;
				GCC_NO_COMMON_BLOCKS = YES;
				GCC_OPTIMIZATION_LEVEL = 0;
				GCC_PREPROCESSOR_DEFINITIONS = (
					"DEBUG=1",
					"$(inherited)",
				);
				GCC_WARN_64_TO_32_BIT_CONVERSION = YES;
				GCC_WARN_ABOUT_RETURN_TYPE = YES_ERROR;
				GCC_WARN_UNDECLARED_SELECTOR = YES;
				GCC_WARN_UNINITIALIZED_AUTOS = YES_AGGRESSIVE;
				GCC_WARN_UNUSED_FUNCTION = YES;
				GCC_WARN_UNUSED_VARIABLE = YES;
				IPHONEOS_DEPLOYMENT_TARGET = 9.2;
				MTL_ENABLE_DEBUG_INFO = YES;
				ONLY_ACTIVE_ARCH = YES;
				SDKROOT = iphoneos;
			};
			name = Debug;
		};
		C096E4601C65CC74002EDC66 /* Release */ = {
			isa = XCBuildConfiguration;
			buildSettings = {
				ALWAYS_SEARCH_USER_PATHS = NO;
				CLANG_CXX_LANGUAGE_STANDARD = "gnu++0x";
				CLANG_CXX_LIBRARY = "libc++";
				CLANG_ENABLE_MODULES = YES;
				CLANG_ENABLE_OBJC_ARC = YES;
				CLANG_WARN_BOOL_CONVERSION = YES;
				CLANG_WARN_CONSTANT_CONVERSION = YES;
				CLANG_WARN_DIRECT_OBJC_ISA_USAGE = YES_ERROR;
				CLANG_WARN_EMPTY_BODY = YES;
				CLANG_WARN_ENUM_CONVERSION = YES;
				CLANG_WARN_INT_CONVERSION = YES;
				CLANG_WARN_OBJC_ROOT_CLASS = YES_ERROR;
				CLANG_WARN_UNREACHABLE_CODE = YES;
				CLANG_WARN__DUPLICATE_METHOD_MATCH = YES;
				"CODE_SIGN_IDENTITY[sdk=iphoneos*]" = "iPhone Developer";
				COPY_PHASE_STRIP = NO;
				DEBUG_INFORMATION_FORMAT = "dwarf-with-dsym";
				ENABLE_NS_ASSERTIONS = NO;
				ENABLE_STRICT_OBJC_MSGSEND = YES;
				GCC_C_LANGUAGE_STANDARD = gnu99;
				GCC_NO_COMMON_BLOCKS = YES;
				GCC_WARN_64_TO_32_BIT_CONVERSION = YES;
				GCC_WARN_ABOUT_RETURN_TYPE = YES_ERROR;
				GCC_WARN_UNDECLARED_SELECTOR = YES;
				GCC_WARN_UNINITIALIZED_AUTOS = YES_AGGRESSIVE;
				GCC_WARN_UNUSED_FUNCTION = YES;
				GCC_WARN_UNUSED_VARIABLE = YES;
				IPHONEOS_DEPLOYMENT_TARGET = 9.2;
				MTL_ENABLE_DEBUG_INFO = NO;
				SDKROOT = iphoneos;
				VALIDATE_PRODUCT = YES;
			};
			name = Release;
		};
		C096E4621C65CC74002EDC66 /* Debug */ = {
			isa = XCBuildConfiguration;
			baseConfigurationReference = 1E8319A0D73093D55EDA7F42 /* Pods-hmWechat.debug.xcconfig */;
			buildSettings = {
				ASSETCATALOG_COMPILER_APPICON_NAME = AppIcon;
				ASSETCATALOG_COMPILER_LAUNCHIMAGE_NAME = LaunchImage;
				INFOPLIST_FILE = hmWechat/Info.plist;
				LD_RUNPATH_SEARCH_PATHS = "$(inherited) @executable_path/Frameworks";
				PRODUCT_BUNDLE_IDENTIFIER = king.com.hmWechat;
				PRODUCT_NAME = "$(TARGET_NAME)";
			};
			name = Debug;
		};
		C096E4631C65CC74002EDC66 /* Release */ = {
			isa = XCBuildConfiguration;
			baseConfigurationReference = 74FAC33B0DF5D745B05C43FB /* Pods-hmWechat.release.xcconfig */;
			buildSettings = {
				ASSETCATALOG_COMPILER_APPICON_NAME = AppIcon;
				ASSETCATALOG_COMPILER_LAUNCHIMAGE_NAME = LaunchImage;
				INFOPLIST_FILE = hmWechat/Info.plist;
				LD_RUNPATH_SEARCH_PATHS = "$(inherited) @executable_path/Frameworks";
				PRODUCT_BUNDLE_IDENTIFIER = king.com.hmWechat;
				PRODUCT_NAME = "$(TARGET_NAME)";
			};
			name = Release;
		};
		C096E4651C65CC74002EDC66 /* Debug */ = {
			isa = XCBuildConfiguration;
			buildSettings = {
				BUNDLE_LOADER = "$(TEST_HOST)";
				INFOPLIST_FILE = hmWechatTests/Info.plist;
				LD_RUNPATH_SEARCH_PATHS = "$(inherited) @executable_path/Frameworks @loader_path/Frameworks";
				PRODUCT_BUNDLE_IDENTIFIER = king.com.hmWechatTests;
				PRODUCT_NAME = "$(TARGET_NAME)";
				TEST_HOST = "$(BUILT_PRODUCTS_DIR)/hmWechat.app/hmWechat";
			};
			name = Debug;
		};
		C096E4661C65CC74002EDC66 /* Release */ = {
			isa = XCBuildConfiguration;
			buildSettings = {
				BUNDLE_LOADER = "$(TEST_HOST)";
				INFOPLIST_FILE = hmWechatTests/Info.plist;
				LD_RUNPATH_SEARCH_PATHS = "$(inherited) @executable_path/Frameworks @loader_path/Frameworks";
				PRODUCT_BUNDLE_IDENTIFIER = king.com.hmWechatTests;
				PRODUCT_NAME = "$(TARGET_NAME)";
				TEST_HOST = "$(BUILT_PRODUCTS_DIR)/hmWechat.app/hmWechat";
			};
			name = Release;
		};
		C096E4681C65CC74002EDC66 /* Debug */ = {
			isa = XCBuildConfiguration;
			buildSettings = {
				INFOPLIST_FILE = hmWechatUITests/Info.plist;
				LD_RUNPATH_SEARCH_PATHS = "$(inherited) @executable_path/Frameworks @loader_path/Frameworks";
				PRODUCT_BUNDLE_IDENTIFIER = king.com.hmWechatUITests;
				PRODUCT_NAME = "$(TARGET_NAME)";
				TEST_TARGET_NAME = hmWechat;
				USES_XCTRUNNER = YES;
			};
			name = Debug;
		};
		C096E4691C65CC74002EDC66 /* Release */ = {
			isa = XCBuildConfiguration;
			buildSettings = {
				INFOPLIST_FILE = hmWechatUITests/Info.plist;
				LD_RUNPATH_SEARCH_PATHS = "$(inherited) @executable_path/Frameworks @loader_path/Frameworks";
				PRODUCT_BUNDLE_IDENTIFIER = king.com.hmWechatUITests;
				PRODUCT_NAME = "$(TARGET_NAME)";
				TEST_TARGET_NAME = hmWechat;
				USES_XCTRUNNER = YES;
			};
			name = Release;
		};
/* End XCBuildConfiguration section */

/* Begin XCConfigurationList section */
		C096E42F1C65CC74002EDC66 /* Build configuration list for PBXProject "hmWechat" */ = {
			isa = XCConfigurationList;
			buildConfigurations = (
				C096E45F1C65CC74002EDC66 /* Debug */,
				C096E4601C65CC74002EDC66 /* Release */,
			);
			defaultConfigurationIsVisible = 0;
			defaultConfigurationName = Release;
		};
		C096E4611C65CC74002EDC66 /* Build configuration list for PBXNativeTarget "hmWechat" */ = {
			isa = XCConfigurationList;
			buildConfigurations = (
				C096E4621C65CC74002EDC66 /* Debug */,
				C096E4631C65CC74002EDC66 /* Release */,
			);
			defaultConfigurationIsVisible = 0;
			defaultConfigurationName = Release;
		};
		C096E4641C65CC74002EDC66 /* Build configuration list for PBXNativeTarget "hmWechatTests" */ = {
			isa = XCConfigurationList;
			buildConfigurations = (
				C096E4651C65CC74002EDC66 /* Debug */,
				C096E4661C65CC74002EDC66 /* Release */,
			);
			defaultConfigurationIsVisible = 0;
			defaultConfigurationName = Release;
		};
		C096E4671C65CC74002EDC66 /* Build configuration list for PBXNativeTarget "hmWechatUITests" */ = {
			isa = XCConfigurationList;
			buildConfigurations = (
				C096E4681C65CC74002EDC66 /* Debug */,
				C096E4691C65CC74002EDC66 /* Release */,
			);
			defaultConfigurationIsVisible = 0;
			defaultConfigurationName = Release;
		};
/* End XCConfigurationList section */
	};
	rootObject = C096E42C1C65CC74002EDC66 /* Project object */;
}
